// !$*UTF8*$!
{
	archiveVersion = 1;
	classes = {
	};
	objectVersion = 46;
	objects = {

/* Begin PBXAggregateTarget section */
		E05F25AB14F4326600AF1F6D /* BuildDocumentation */ = {
			isa = PBXAggregateTarget;
			buildConfigurationList = E05F25AC14F4326600AF1F6D /* Build configuration list for PBXAggregateTarget "BuildDocumentation" */;
			buildPhases = (
				E05F25AF14F4326A00AF1F6D /* ShellScript */,
			);
			dependencies = (
				E05F25B114F4327500AF1F6D /* PBXTargetDependency */,
			);
			name = BuildDocumentation;
			productName = BuildDocumentation;
		};
/* End PBXAggregateTarget section */

/* Begin PBXBuildFile section */
		5635878F1605F51A003BC599 /* Default-568h@2x.png in Resources */ = {isa = PBXBuildFile; fileRef = 5635878E1605F51A003BC599 /* Default-568h@2x.png */; };
		E06CBF1314F562A500123636 /* WebViewController.m in Sources */ = {isa = PBXBuildFile; fileRef = E06CBF1114F562A500123636 /* WebViewController.m */; };
		E06CBF1414F562A500123636 /* WebViewController.xib in Resources */ = {isa = PBXBuildFile; fileRef = E06CBF1214F562A500123636 /* WebViewController.xib */; };
		E0BB469115397C2200C1EA46 /* ModalViewController.m in Sources */ = {isa = PBXBuildFile; fileRef = E0BB468F15397C2100C1EA46 /* ModalViewController.m */; };
		E0BB469215397C2200C1EA46 /* ModalViewController.xib in Resources */ = {isa = PBXBuildFile; fileRef = E0BB469015397C2100C1EA46 /* ModalViewController.xib */; };
		E0BEAC3014F2F85900ADA090 /* MainViewController.xib in Resources */ = {isa = PBXBuildFile; fileRef = E0D35A5614F2831B0013EB90 /* MainViewController.xib */; };
		E0BEAC3114F2F85C00ADA090 /* SecondViewController.xib in Resources */ = {isa = PBXBuildFile; fileRef = E0D35A5A14F2831B0013EB90 /* SecondViewController.xib */; };
		E0BEAC3214F2F85E00ADA090 /* ThirdViewController.xib in Resources */ = {isa = PBXBuildFile; fileRef = E0D35A5314F2831B0013EB90 /* ThirdViewController.xib */; };
		E0BEAC3314F2F86000ADA090 /* PopedViewController.xib in Resources */ = {isa = PBXBuildFile; fileRef = E0D35A5C14F2831B0013EB90 /* PopedViewController.xib */; };
		E0D35A4D14F282FD0013EB90 /* PPRevealSideViewController.m in Sources */ = {isa = PBXBuildFile; fileRef = E0D35A4C14F282FD0013EB90 /* PPRevealSideViewController.m */; };
		E0D35A6214F283A50013EB90 /* CustomCell.m in Sources */ = {isa = PBXBuildFile; fileRef = E0D35A5714F2831B0013EB90 /* CustomCell.m */; };
		E0D35A6314F283AE0013EB90 /* MainViewController.m in Sources */ = {isa = PBXBuildFile; fileRef = E0D35A4F14F2831B0013EB90 /* MainViewController.m */; };
		E0D35A6414F283AE0013EB90 /* SecondViewController.m in Sources */ = {isa = PBXBuildFile; fileRef = E0D35A5914F2831B0013EB90 /* SecondViewController.m */; };
		E0D35A6514F283AE0013EB90 /* ThirdViewController.m in Sources */ = {isa = PBXBuildFile; fileRef = E0D35A5214F2831B0013EB90 /* ThirdViewController.m */; };
		E0D35A6614F283AE0013EB90 /* TableViewController.m in Sources */ = {isa = PBXBuildFile; fileRef = E0D35A5014F2831B0013EB90 /* TableViewController.m */; };
		E0D35A6714F283AE0013EB90 /* PopedViewController.m in Sources */ = {isa = PBXBuildFile; fileRef = E0D35A5D14F2831B0013EB90 /* PopedViewController.m */; };
		E0D35A6814F283AE0013EB90 /* AppDelegate.m in Sources */ = {isa = PBXBuildFile; fileRef = E0D35A4E14F2831B0013EB90 /* AppDelegate.m */; };
		E0D903BF14ED2A610072EECD /* UIKit.framework in Frameworks */ = {isa = PBXBuildFile; fileRef = E0D903BE14ED2A610072EECD /* UIKit.framework */; };
		E0D903C114ED2A610072EECD /* Foundation.framework in Frameworks */ = {isa = PBXBuildFile; fileRef = E0D903C014ED2A610072EECD /* Foundation.framework */; };
		E0D903C314ED2A610072EECD /* CoreGraphics.framework in Frameworks */ = {isa = PBXBuildFile; fileRef = E0D903C214ED2A610072EECD /* CoreGraphics.framework */; };
		E0D903C914ED2A610072EECD /* InfoPlist.strings in Resources */ = {isa = PBXBuildFile; fileRef = E0D903C714ED2A610072EECD /* InfoPlist.strings */; };
		E0D903CB14ED2A610072EECD /* main.m in Sources */ = {isa = PBXBuildFile; fileRef = E0D903CA14ED2A610072EECD /* main.m */; };
		E0D903F414ED38B50072EECD /* QuartzCore.framework in Frameworks */ = {isa = PBXBuildFile; fileRef = E0D903F314ED38B50072EECD /* QuartzCore.framework */; };
/* End PBXBuildFile section */

/* Begin PBXContainerItemProxy section */
		E05F25B014F4327500AF1F6D /* PBXContainerItemProxy */ = {
			isa = PBXContainerItemProxy;
			containerPortal = E0D903B114ED2A610072EECD /* Project object */;
			proxyType = 1;
			remoteGlobalIDString = E0D903B914ED2A610072EECD;
			remoteInfo = PPRevealSideViewController;
		};
/* End PBXContainerItemProxy section */

/* Begin PBXFileReference section */
		5635878E1605F51A003BC599 /* Default-568h@2x.png */ = {isa = PBXFileReference; lastKnownFileType = image.png; name = "Default-568h@2x.png"; path = "../Default-568h@2x.png"; sourceTree = "<group>"; };
		E06CBF1014F562A500123636 /* WebViewController.h */ = {isa = PBXFileReference; fileEncoding = 4; lastKnownFileType = sourcecode.c.h; name = WebViewController.h; path = Sample/WebViewController.h; sourceTree = "<group>"; };
		E06CBF1114F562A500123636 /* WebViewController.m */ = {isa = PBXFileReference; fileEncoding = 4; lastKnownFileType = sourcecode.c.objc; name = WebViewController.m; path = Sample/WebViewController.m; sourceTree = "<group>"; };
		E06CBF1214F562A500123636 /* WebViewController.xib */ = {isa = PBXFileReference; fileEncoding = 4; lastKnownFileType = file.xib; name = WebViewController.xib; path = Sample/WebViewController.xib; sourceTree = "<group>"; };
		E0BB468E15397C2100C1EA46 /* ModalViewController.h */ = {isa = PBXFileReference; fileEncoding = 4; lastKnownFileType = sourcecode.c.h; path = ModalViewController.h; sourceTree = "<group>"; };
		E0BB468F15397C2100C1EA46 /* ModalViewController.m */ = {isa = PBXFileReference; fileEncoding = 4; lastKnownFileType = sourcecode.c.objc; path = ModalViewController.m; sourceTree = "<group>"; };
		E0BB469015397C2100C1EA46 /* ModalViewController.xib */ = {isa = PBXFileReference; fileEncoding = 4; lastKnownFileType = file.xib; path = ModalViewController.xib; sourceTree = "<group>"; };
		E0D35A4B14F282FD0013EB90 /* PPRevealSideViewController.h */ = {isa = PBXFileReference; fileEncoding = 4; lastKnownFileType = sourcecode.c.h; path = PPRevealSideViewController.h; sourceTree = "<group>"; };
		E0D35A4C14F282FD0013EB90 /* PPRevealSideViewController.m */ = {isa = PBXFileReference; fileEncoding = 4; lastKnownFileType = sourcecode.c.objc; path = PPRevealSideViewController.m; sourceTree = "<group>"; };
		E0D35A4E14F2831B0013EB90 /* AppDelegate.m */ = {isa = PBXFileReference; lastKnownFileType = sourcecode.c.objc; name = AppDelegate.m; path = Sample/AppDelegate.m; sourceTree = "<group>"; };
		E0D35A4F14F2831B0013EB90 /* MainViewController.m */ = {isa = PBXFileReference; lastKnownFileType = sourcecode.c.objc; name = MainViewController.m; path = Sample/MainViewController.m; sourceTree = "<group>"; };
		E0D35A5014F2831B0013EB90 /* TableViewController.m */ = {isa = PBXFileReference; lastKnownFileType = sourcecode.c.objc; name = TableViewController.m; path = Sample/TableViewController.m; sourceTree = "<group>"; };
		E0D35A5114F2831B0013EB90 /* AppDelegate.h */ = {isa = PBXFileReference; lastKnownFileType = sourcecode.c.h; name = AppDelegate.h; path = Sample/AppDelegate.h; sourceTree = "<group>"; };
		E0D35A5214F2831B0013EB90 /* ThirdViewController.m */ = {isa = PBXFileReference; lastKnownFileType = sourcecode.c.objc; name = ThirdViewController.m; path = Sample/ThirdViewController.m; sourceTree = "<group>"; };
		E0D35A5314F2831B0013EB90 /* ThirdViewController.xib */ = {isa = PBXFileReference; lastKnownFileType = file.xib; name = ThirdViewController.xib; path = Sample/ThirdViewController.xib; sourceTree = "<group>"; };
		E0D35A5414F2831B0013EB90 /* ThirdViewController.h */ = {isa = PBXFileReference; lastKnownFileType = sourcecode.c.h; name = ThirdViewController.h; path = Sample/ThirdViewController.h; sourceTree = "<group>"; };
		E0D35A5514F2831B0013EB90 /* MainViewController.h */ = {isa = PBXFileReference; lastKnownFileType = sourcecode.c.h; name = MainViewController.h; path = Sample/MainViewController.h; sourceTree = "<group>"; };
		E0D35A5614F2831B0013EB90 /* MainViewController.xib */ = {isa = PBXFileReference; lastKnownFileType = file.xib; name = MainViewController.xib; path = Sample/MainViewController.xib; sourceTree = "<group>"; };
		E0D35A5714F2831B0013EB90 /* CustomCell.m */ = {isa = PBXFileReference; lastKnownFileType = sourcecode.c.objc; name = CustomCell.m; path = Sample/CustomCell.m; sourceTree = "<group>"; };
		E0D35A5814F2831B0013EB90 /* SecondViewController.h */ = {isa = PBXFileReference; lastKnownFileType = sourcecode.c.h; name = SecondViewController.h; path = Sample/SecondViewController.h; sourceTree = "<group>"; };
		E0D35A5914F2831B0013EB90 /* SecondViewController.m */ = {isa = PBXFileReference; lastKnownFileType = sourcecode.c.objc; name = SecondViewController.m; path = Sample/SecondViewController.m; sourceTree = "<group>"; };
		E0D35A5A14F2831B0013EB90 /* SecondViewController.xib */ = {isa = PBXFileReference; lastKnownFileType = file.xib; name = SecondViewController.xib; path = Sample/SecondViewController.xib; sourceTree = "<group>"; };
		E0D35A5B14F2831B0013EB90 /* CustomCell.h */ = {isa = PBXFileReference; lastKnownFileType = sourcecode.c.h; name = CustomCell.h; path = Sample/CustomCell.h; sourceTree = "<group>"; };
		E0D35A5C14F2831B0013EB90 /* PopedViewController.xib */ = {isa = PBXFileReference; lastKnownFileType = file.xib; name = PopedViewController.xib; path = Sample/PopedViewController.xib; sourceTree = "<group>"; };
		E0D35A5D14F2831B0013EB90 /* PopedViewController.m */ = {isa = PBXFileReference; lastKnownFileType = sourcecode.c.objc; name = PopedViewController.m; path = Sample/PopedViewController.m; sourceTree = "<group>"; };
		E0D35A5E14F2831B0013EB90 /* PopedViewController.h */ = {isa = PBXFileReference; lastKnownFileType = sourcecode.c.h; name = PopedViewController.h; path = Sample/PopedViewController.h; sourceTree = "<group>"; };
		E0D35A5F14F2831B0013EB90 /* TableViewController.h */ = {isa = PBXFileReference; lastKnownFileType = sourcecode.c.h; name = TableViewController.h; path = Sample/TableViewController.h; sourceTree = "<group>"; };
		E0D903BA14ED2A610072EECD /* PPRevealSideViewController.app */ = {isa = PBXFileReference; explicitFileType = wrapper.application; includeInIndex = 0; path = PPRevealSideViewController.app; sourceTree = BUILT_PRODUCTS_DIR; };
		E0D903BE14ED2A610072EECD /* UIKit.framework */ = {isa = PBXFileReference; lastKnownFileType = wrapper.framework; name = UIKit.framework; path = System/Library/Frameworks/UIKit.framework; sourceTree = SDKROOT; };
		E0D903C014ED2A610072EECD /* Foundation.framework */ = {isa = PBXFileReference; lastKnownFileType = wrapper.framework; name = Foundation.framework; path = System/Library/Frameworks/Foundation.framework; sourceTree = SDKROOT; };
		E0D903C214ED2A610072EECD /* CoreGraphics.framework */ = {isa = PBXFileReference; lastKnownFileType = wrapper.framework; name = CoreGraphics.framework; path = System/Library/Frameworks/CoreGraphics.framework; sourceTree = SDKROOT; };
		E0D903C614ED2A610072EECD /* PPRevealSideViewController-Info.plist */ = {isa = PBXFileReference; lastKnownFileType = text.plist.xml; path = "PPRevealSideViewController-Info.plist"; sourceTree = "<group>"; };
		E0D903C814ED2A610072EECD /* en */ = {isa = PBXFileReference; lastKnownFileType = text.plist.strings; name = en; path = en.lproj/InfoPlist.strings; sourceTree = "<group>"; };
		E0D903CA14ED2A610072EECD /* main.m */ = {isa = PBXFileReference; lastKnownFileType = sourcecode.c.objc; path = main.m; sourceTree = "<group>"; };
		E0D903CC14ED2A610072EECD /* PPRevealSideViewController-Prefix.pch */ = {isa = PBXFileReference; lastKnownFileType = sourcecode.c.h; path = "PPRevealSideViewController-Prefix.pch"; sourceTree = "<group>"; };
		E0D903F314ED38B50072EECD /* QuartzCore.framework */ = {isa = PBXFileReference; lastKnownFileType = wrapper.framework; name = QuartzCore.framework; path = System/Library/Frameworks/QuartzCore.framework; sourceTree = SDKROOT; };
/* End PBXFileReference section */

/* Begin PBXFrameworksBuildPhase section */
		E0D903B714ED2A610072EECD /* Frameworks */ = {
			isa = PBXFrameworksBuildPhase;
			buildActionMask = 2147483647;
			files = (
				E0D903F414ED38B50072EECD /* QuartzCore.framework in Frameworks */,
				E0D903BF14ED2A610072EECD /* UIKit.framework in Frameworks */,
				E0D903C114ED2A610072EECD /* Foundation.framework in Frameworks */,
				E0D903C314ED2A610072EECD /* CoreGraphics.framework in Frameworks */,
			);
			runOnlyForDeploymentPostprocessing = 0;
		};
/* End PBXFrameworksBuildPhase section */

/* Begin PBXGroup section */
		E0D35A4A14F282FD0013EB90 /* PPRevealSideviewController */ = {
			isa = PBXGroup;
			children = (
				E0D35A4B14F282FD0013EB90 /* PPRevealSideViewController.h */,
				E0D35A4C14F282FD0013EB90 /* PPRevealSideViewController.m */,
			);
			path = PPRevealSideviewController;
			sourceTree = "<group>";
		};
		E0D35A6014F283250013EB90 /* Controllers */ = {
			isa = PBXGroup;
			children = (
				E0D35A5514F2831B0013EB90 /* MainViewController.h */,
				E0D35A4F14F2831B0013EB90 /* MainViewController.m */,
				E0D35A5614F2831B0013EB90 /* MainViewController.xib */,
				E0D35A5814F2831B0013EB90 /* SecondViewController.h */,
				E0D35A5914F2831B0013EB90 /* SecondViewController.m */,
				E0D35A5A14F2831B0013EB90 /* SecondViewController.xib */,
				E0D35A5414F2831B0013EB90 /* ThirdViewController.h */,
				E0D35A5214F2831B0013EB90 /* ThirdViewController.m */,
				E0D35A5314F2831B0013EB90 /* ThirdViewController.xib */,
				E0D35A5F14F2831B0013EB90 /* TableViewController.h */,
				E0D35A5014F2831B0013EB90 /* TableViewController.m */,
				E0D35A5E14F2831B0013EB90 /* PopedViewController.h */,
				E0D35A5D14F2831B0013EB90 /* PopedViewController.m */,
				E0D35A5C14F2831B0013EB90 /* PopedViewController.xib */,
				E06CBF1014F562A500123636 /* WebViewController.h */,
				E06CBF1114F562A500123636 /* WebViewController.m */,
				E06CBF1214F562A500123636 /* WebViewController.xib */,
				E0BB468E15397C2100C1EA46 /* ModalViewController.h */,
				E0BB468F15397C2100C1EA46 /* ModalViewController.m */,
				E0BB469015397C2100C1EA46 /* ModalViewController.xib */,
			);
			name = Controllers;
			sourceTree = "<group>";
		};
		E0D35A6114F283830013EB90 /* Views */ = {
			isa = PBXGroup;
			children = (
				E0D35A5B14F2831B0013EB90 /* CustomCell.h */,
				E0D35A5714F2831B0013EB90 /* CustomCell.m */,
			);
			name = Views;
			sourceTree = "<group>";
		};
		E0D903AF14ED2A610072EECD = {
			isa = PBXGroup;
			children = (
				E0D903C414ED2A610072EECD /* PPRevealSideViewController */,
				E0D903BD14ED2A610072EECD /* Frameworks */,
				E0D903BB14ED2A610072EECD /* Products */,
			);
			sourceTree = "<group>";
		};
		E0D903BB14ED2A610072EECD /* Products */ = {
			isa = PBXGroup;
			children = (
				E0D903BA14ED2A610072EECD /* PPRevealSideViewController.app */,
			);
			name = Products;
			sourceTree = "<group>";
		};
		E0D903BD14ED2A610072EECD /* Frameworks */ = {
			isa = PBXGroup;
			children = (
				E0D903F314ED38B50072EECD /* QuartzCore.framework */,
				E0D903BE14ED2A610072EECD /* UIKit.framework */,
				E0D903C014ED2A610072EECD /* Foundation.framework */,
				E0D903C214ED2A610072EECD /* CoreGraphics.framework */,
			);
			name = Frameworks;
			sourceTree = "<group>";
		};
		E0D903C414ED2A610072EECD /* PPRevealSideViewController */ = {
			isa = PBXGroup;
			children = (
				E0D35A6114F283830013EB90 /* Views */,
				E0D35A6014F283250013EB90 /* Controllers */,
				E0D35A5114F2831B0013EB90 /* AppDelegate.h */,
				E0D35A4E14F2831B0013EB90 /* AppDelegate.m */,
				E0D35A4A14F282FD0013EB90 /* PPRevealSideviewController */,
				E0D903C514ED2A610072EECD /* Supporting Files */,
				5635878E1605F51A003BC599 /* Default-568h@2x.png */,
			);
			path = PPRevealSideViewController;
			sourceTree = "<group>";
		};
		E0D903C514ED2A610072EECD /* Supporting Files */ = {
			isa = PBXGroup;
			children = (
				E0D903C614ED2A610072EECD /* PPRevealSideViewController-Info.plist */,
				E0D903C714ED2A610072EECD /* InfoPlist.strings */,
				E0D903CA14ED2A610072EECD /* main.m */,
				E0D903CC14ED2A610072EECD /* PPRevealSideViewController-Prefix.pch */,
			);
			name = "Supporting Files";
			sourceTree = "<group>";
		};
/* End PBXGroup section */

/* Begin PBXNativeTarget section */
		E0D903B914ED2A610072EECD /* PPRevealSideViewController */ = {
			isa = PBXNativeTarget;
			buildConfigurationList = E0D903D214ED2A610072EECD /* Build configuration list for PBXNativeTarget "PPRevealSideViewController" */;
			buildPhases = (
				E0D903B614ED2A610072EECD /* Sources */,
				E0D903B714ED2A610072EECD /* Frameworks */,
				E0D903B814ED2A610072EECD /* Resources */,
			);
			buildRules = (
			);
			dependencies = (
			);
			name = PPRevealSideViewController;
			productName = PPRevealSideViewController;
			productReference = E0D903BA14ED2A610072EECD /* PPRevealSideViewController.app */;
			productType = "com.apple.product-type.application";
		};
/* End PBXNativeTarget section */

/* Begin PBXProject section */
		E0D903B114ED2A610072EECD /* Project object */ = {
			isa = PBXProject;
			attributes = {
				LastUpgradeCheck = 0460;
			};
			buildConfigurationList = E0D903B414ED2A610072EECD /* Build configuration list for PBXProject "PPRevealSideViewController" */;
			compatibilityVersion = "Xcode 3.2";
			developmentRegion = English;
			hasScannedForEncodings = 0;
			knownRegions = (
				en,
			);
			mainGroup = E0D903AF14ED2A610072EECD;
			productRefGroup = E0D903BB14ED2A610072EECD /* Products */;
			projectDirPath = "";
			projectRoot = "";
			targets = (
				E0D903B914ED2A610072EECD /* PPRevealSideViewController */,
				E05F25AB14F4326600AF1F6D /* BuildDocumentation */,
			);
		};
/* End PBXProject section */

/* Begin PBXResourcesBuildPhase section */
		E0D903B814ED2A610072EECD /* Resources */ = {
			isa = PBXResourcesBuildPhase;
			buildActionMask = 2147483647;
			files = (
				E0D903C914ED2A610072EECD /* InfoPlist.strings in Resources */,
				E0BEAC3014F2F85900ADA090 /* MainViewController.xib in Resources */,
				E0BEAC3114F2F85C00ADA090 /* SecondViewController.xib in Resources */,
				E0BEAC3214F2F85E00ADA090 /* ThirdViewController.xib in Resources */,
				E0BEAC3314F2F86000ADA090 /* PopedViewController.xib in Resources */,
				E06CBF1414F562A500123636 /* WebViewController.xib in Resources */,
				E0BB469215397C2200C1EA46 /* ModalViewController.xib in Resources */,
				5635878F1605F51A003BC599 /* Default-568h@2x.png in Resources */,
			);
			runOnlyForDeploymentPostprocessing = 0;
		};
/* End PBXResourcesBuildPhase section */

/* Begin PBXShellScriptBuildPhase section */
		E05F25AF14F4326A00AF1F6D /* ShellScript */ = {
			isa = PBXShellScriptBuildPhase;
			buildActionMask = 2147483647;
			files = (
			);
			inputPaths = (
			);
			outputPaths = (
			);
			runOnlyForDeploymentPostprocessing = 0;
			shellPath = /bin/sh;
			shellScript = "/usr/local/bin/appledoc \\\n--project-name \"PPRevealSideViewController\" \\\n--project-company \"Marian PAUL - iPuP SARL\" \\\n--company-id \"fr.ipup\" \\\n--docset-atom-filename \"PPRevealSideViewController.atom\" \\\n--docset-feed-url \"http://ipup.github.com/PPRevealSideViewController/%DOCSETATOMFILENAME\" \\\n--docset-package-url \"http://ipup.github.com/PPRevealSideViewController/%DOCSETPACKAGEFILENAME\" \\\n--docset-fallback-url \"http://ipup.github.com/PPRevealSideViewController/\" \\\n--output \"${PROJECT_DIR}/Documentation\" \\\n--verbose 6 \\\n--publish-docset \\\n--create-docset \\\n--logformat xcode \\\n--keep-intermediate-files \\\n--no-repeat-first-par \\\n--no-warn-invalid-crossref \\\n--ignore \"*.m\" \\\n\"${PROJECT_DIR}\"";
		};
/* End PBXShellScriptBuildPhase section */

/* Begin PBXSourcesBuildPhase section */
		E0D903B614ED2A610072EECD /* Sources */ = {
			isa = PBXSourcesBuildPhase;
			buildActionMask = 2147483647;
			files = (
				E0D903CB14ED2A610072EECD /* main.m in Sources */,
				E0D35A4D14F282FD0013EB90 /* PPRevealSideViewController.m in Sources */,
				E0D35A6214F283A50013EB90 /* CustomCell.m in Sources */,
				E0D35A6314F283AE0013EB90 /* MainViewController.m in Sources */,
				E0D35A6414F283AE0013EB90 /* SecondViewController.m in Sources */,
				E0D35A6514F283AE0013EB90 /* ThirdViewController.m in Sources */,
				E0D35A6614F283AE0013EB90 /* TableViewController.m in Sources */,
				E0D35A6714F283AE0013EB90 /* PopedViewController.m in Sources */,
				E0D35A6814F283AE0013EB90 /* AppDelegate.m in Sources */,
				E06CBF1314F562A500123636 /* WebViewController.m in Sources */,
				E0BB469115397C2200C1EA46 /* ModalViewController.m in Sources */,
			);
			runOnlyForDeploymentPostprocessing = 0;
		};
/* End PBXSourcesBuildPhase section */

/* Begin PBXTargetDependency section */
		E05F25B114F4327500AF1F6D /* PBXTargetDependency */ = {
			isa = PBXTargetDependency;
			target = E0D903B914ED2A610072EECD /* PPRevealSideViewController */;
			targetProxy = E05F25B014F4327500AF1F6D /* PBXContainerItemProxy */;
		};
/* End PBXTargetDependency section */

/* Begin PBXVariantGroup section */
		E0D903C714ED2A610072EECD /* InfoPlist.strings */ = {
			isa = PBXVariantGroup;
			children = (
				E0D903C814ED2A610072EECD /* en */,
			);
			name = InfoPlist.strings;
			sourceTree = "<group>";
		};
/* End PBXVariantGroup section */

/* Begin XCBuildConfiguration section */
		E05F25AD14F4326600AF1F6D /* Debug */ = {
			isa = XCBuildConfiguration;
			buildSettings = {
				PRODUCT_NAME = "$(TARGET_NAME)";
			};
			name = Debug;
		};
		E05F25AE14F4326600AF1F6D /* Release */ = {
			isa = XCBuildConfiguration;
			buildSettings = {
				PRODUCT_NAME = "$(TARGET_NAME)";
			};
			name = Release;
		};
		E0D903D014ED2A610072EECD /* Debug */ = {
			isa = XCBuildConfiguration;
			buildSettings = {
				ALWAYS_SEARCH_USER_PATHS = NO;
				ARCHS = "$(ARCHS_STANDARD_32_BIT)";
				CLANG_ENABLE_OBJC_ARC = YES;
				CLANG_WARN_CONSTANT_CONVERSION = YES;
				CLANG_WARN_ENUM_CONVERSION = YES;
				CLANG_WARN_INT_CONVERSION = YES;
				CLANG_WARN__DUPLICATE_METHOD_MATCH = YES;
				"CODE_SIGN_IDENTITY[sdk=iphoneos*]" = "iPhone Developer";
				COPY_PHASE_STRIP = NO;
				GCC_C_LANGUAGE_STANDARD = gnu99;
				GCC_DYNAMIC_NO_PIC = NO;
				GCC_OPTIMIZATION_LEVEL = 0;
				GCC_PREPROCESSOR_DEFINITIONS = (
					"DEBUG=1",
					"$(inherited)",
				);
				GCC_SYMBOLS_PRIVATE_EXTERN = NO;
				GCC_VERSION = com.apple.compilers.llvm.clang.1_0;
				GCC_WARN_ABOUT_MISSING_PROTOTYPES = YES;
				GCC_WARN_ABOUT_RETURN_TYPE = YES;
				GCC_WARN_UNINITIALIZED_AUTOS = YES;
				GCC_WARN_UNUSED_VARIABLE = YES;
				IPHONEOS_DEPLOYMENT_TARGET = 5.0;
				SDKROOT = iphoneos;
				TARGETED_DEVICE_FAMILY = "1,2";
			};
			name = Debug;
		};
		E0D903D114ED2A610072EECD /* Release */ = {
			isa = XCBuildConfiguration;
			buildSettings = {
				ALWAYS_SEARCH_USER_PATHS = NO;
				ARCHS = "$(ARCHS_STANDARD_32_BIT)";
				CLANG_ENABLE_OBJC_ARC = YES;
				CLANG_WARN_CONSTANT_CONVERSION = YES;
				CLANG_WARN_ENUM_CONVERSION = YES;
				CLANG_WARN_INT_CONVERSION = YES;
				CLANG_WARN__DUPLICATE_METHOD_MATCH = YES;
				"CODE_SIGN_IDENTITY[sdk=iphoneos*]" = "iPhone Developer";
				COPY_PHASE_STRIP = YES;
				GCC_C_LANGUAGE_STANDARD = gnu99;
				GCC_VERSION = com.apple.compilers.llvm.clang.1_0;
				GCC_WARN_ABOUT_MISSING_PROTOTYPES = YES;
				GCC_WARN_ABOUT_RETURN_TYPE = YES;
				GCC_WARN_UNINITIALIZED_AUTOS = YES;
				GCC_WARN_UNUSED_VARIABLE = YES;
				IPHONEOS_DEPLOYMENT_TARGET = 5.0;
				OTHER_CFLAGS = "-DNS_BLOCK_ASSERTIONS=1";
				SDKROOT = iphoneos;
				TARGETED_DEVICE_FAMILY = "1,2";
				VALIDATE_PRODUCT = YES;
			};
			name = Release;
		};
		E0D903D314ED2A610072EECD /* Debug */ = {
			isa = XCBuildConfiguration;
			buildSettings = {
				CODE_SIGN_IDENTITY = "iPhone Developer: Marian PAUL (6W3C9BX7UC)";
				GCC_PRECOMPILE_PREFIX_HEADER = YES;
				GCC_PREFIX_HEADER = "PPRevealSideViewController/PPRevealSideViewController-Prefix.pch";
				GCC_VERSION = "";
				INFOPLIST_FILE = "PPRevealSideViewController/PPRevealSideViewController-Info.plist";
				IPHONEOS_DEPLOYMENT_TARGET = 4.3;
				PRODUCT_NAME = "$(TARGET_NAME)";
				PROVISIONING_PROFILE = "F4B01518-AAEC-4C90-8863-E0F4562C6BAE";
				WRAPPER_EXTENSION = app;
			};
			name = Debug;
		};
		E0D903D414ED2A610072EECD /* Release */ = {
			isa = XCBuildConfiguration;
			buildSettings = {
				"CODE_SIGN_IDENTITY[sdk=iphoneos*]" = "iPhone Distribution: iPuP";
				GCC_PRECOMPILE_PREFIX_HEADER = YES;
				GCC_PREFIX_HEADER = "PPRevealSideViewController/PPRevealSideViewController-Prefix.pch";
				GCC_VERSION = "";
				INFOPLIST_FILE = "PPRevealSideViewController/PPRevealSideViewController-Info.plist";
				IPHONEOS_DEPLOYMENT_TARGET = 4.3;
				PRODUCT_NAME = "$(TARGET_NAME)";
				"PROVISIONING_PROFILE[sdk=iphoneos*]" = "82F4A51F-03F5-4214-88F8-08F21369E987";
				WRAPPER_EXTENSION = app;
			};
			name = Release;
		};
/* End XCBuildConfiguration section */

/* Begin XCConfigurationList section */
		E05F25AC14F4326600AF1F6D /* Build configuration list for PBXAggregateTarget "BuildDocumentation" */ = {
			isa = XCConfigurationList;
			buildConfigurations = (
				E05F25AD14F4326600AF1F6D /* Debug */,
				E05F25AE14F4326600AF1F6D /* Release */,
			);
			defaultConfigurationIsVisible = 0;
			defaultConfigurationName = Release;
		};
		E0D903B414ED2A610072EECD /* Build configuration list for PBXProject "PPRevealSideViewController" */ = {
			isa = XCConfigurationList;
			buildConfigurations = (
				E0D903D014ED2A610072EECD /* Debug */,
				E0D903D114ED2A610072EECD /* Release */,
			);
			defaultConfigurationIsVisible = 0;
			defaultConfigurationName = Release;
		};
		E0D903D214ED2A610072EECD /* Build configuration list for PBXNativeTarget "PPRevealSideViewController" */ = {
			isa = XCConfigurationList;
			buildConfigurations = (
				E0D903D314ED2A610072EECD /* Debug */,
				E0D903D414ED2A610072EECD /* Release */,
			);
			defaultConfigurationIsVisible = 0;
			defaultConfigurationName = Release;
		};
/* End XCConfigurationList section */
	};
	rootObject = E0D903B114ED2A610072EECD /* Project object */;
}
