// !$*UTF8*$!
{
	archiveVersion = 1;
	classes = {
	};
	objectVersion = 46;
	objects = {

/* Begin PBXBuildFile section */
		E075287B14EE8F8000518036 /* PopedViewController.m in Sources */ = {isa = PBXBuildFile; fileRef = E075287914EE8F8000518036 /* PopedViewController.m */; };
		E075287C14EE8F8000518036 /* PopedViewController.xib in Resources */ = {isa = PBXBuildFile; fileRef = E075287A14EE8F8000518036 /* PopedViewController.xib */; };
		E0D903BF14ED2A610072EECD /* UIKit.framework in Frameworks */ = {isa = PBXBuildFile; fileRef = E0D903BE14ED2A610072EECD /* UIKit.framework */; };
		E0D903C114ED2A610072EECD /* Foundation.framework in Frameworks */ = {isa = PBXBuildFile; fileRef = E0D903C014ED2A610072EECD /* Foundation.framework */; };
		E0D903C314ED2A610072EECD /* CoreGraphics.framework in Frameworks */ = {isa = PBXBuildFile; fileRef = E0D903C214ED2A610072EECD /* CoreGraphics.framework */; };
		E0D903C914ED2A610072EECD /* InfoPlist.strings in Resources */ = {isa = PBXBuildFile; fileRef = E0D903C714ED2A610072EECD /* InfoPlist.strings */; };
		E0D903CB14ED2A610072EECD /* main.m in Sources */ = {isa = PBXBuildFile; fileRef = E0D903CA14ED2A610072EECD /* main.m */; };
		E0D903CF14ED2A610072EECD /* PPAppDelegate.m in Sources */ = {isa = PBXBuildFile; fileRef = E0D903CE14ED2A610072EECD /* PPAppDelegate.m */; };
		E0D903D714ED2ABC0072EECD /* PPRevealSideViewController.m in Sources */ = {isa = PBXBuildFile; fileRef = E0D903D614ED2ABC0072EECD /* PPRevealSideViewController.m */; };
		E0D903F414ED38B50072EECD /* QuartzCore.framework in Frameworks */ = {isa = PBXBuildFile; fileRef = E0D903F314ED38B50072EECD /* QuartzCore.framework */; };
		E0D903F914ED3CF50072EECD /* MainViewController.m in Sources */ = {isa = PBXBuildFile; fileRef = E0D903F714ED3CF50072EECD /* MainViewController.m */; };
		E0D903FA14ED3CF50072EECD /* MainViewController.xib in Resources */ = {isa = PBXBuildFile; fileRef = E0D903F814ED3CF50072EECD /* MainViewController.xib */; };
		E0D903FD14ED3EFF0072EECD /* TableViewController.m in Sources */ = {isa = PBXBuildFile; fileRef = E0D903FC14ED3EFF0072EECD /* TableViewController.m */; };
/* End PBXBuildFile section */

/* Begin PBXFileReference section */
		E075287814EE8F8000518036 /* PopedViewController.h */ = {isa = PBXFileReference; fileEncoding = 4; lastKnownFileType = sourcecode.c.h; path = PopedViewController.h; sourceTree = "<group>"; };
		E075287914EE8F8000518036 /* PopedViewController.m */ = {isa = PBXFileReference; fileEncoding = 4; lastKnownFileType = sourcecode.c.objc; path = PopedViewController.m; sourceTree = "<group>"; };
		E075287A14EE8F8000518036 /* PopedViewController.xib */ = {isa = PBXFileReference; fileEncoding = 4; lastKnownFileType = file.xib; path = PopedViewController.xib; sourceTree = "<group>"; };
		E0D903BA14ED2A610072EECD /* PPRevealSideViewController.app */ = {isa = PBXFileReference; explicitFileType = wrapper.application; includeInIndex = 0; path = PPRevealSideViewController.app; sourceTree = BUILT_PRODUCTS_DIR; };
		E0D903BE14ED2A610072EECD /* UIKit.framework */ = {isa = PBXFileReference; lastKnownFileType = wrapper.framework; name = UIKit.framework; path = System/Library/Frameworks/UIKit.framework; sourceTree = SDKROOT; };
		E0D903C014ED2A610072EECD /* Foundation.framework */ = {isa = PBXFileReference; lastKnownFileType = wrapper.framework; name = Foundation.framework; path = System/Library/Frameworks/Foundation.framework; sourceTree = SDKROOT; };
		E0D903C214ED2A610072EECD /* CoreGraphics.framework */ = {isa = PBXFileReference; lastKnownFileType = wrapper.framework; name = CoreGraphics.framework; path = System/Library/Frameworks/CoreGraphics.framework; sourceTree = SDKROOT; };
		E0D903C614ED2A610072EECD /* PPRevealSideViewController-Info.plist */ = {isa = PBXFileReference; lastKnownFileType = text.plist.xml; path = "PPRevealSideViewController-Info.plist"; sourceTree = "<group>"; };
		E0D903C814ED2A610072EECD /* en */ = {isa = PBXFileReference; lastKnownFileType = text.plist.strings; name = en; path = en.lproj/InfoPlist.strings; sourceTree = "<group>"; };
		E0D903CA14ED2A610072EECD /* main.m */ = {isa = PBXFileReference; lastKnownFileType = sourcecode.c.objc; path = main.m; sourceTree = "<group>"; };
		E0D903CC14ED2A610072EECD /* PPRevealSideViewController-Prefix.pch */ = {isa = PBXFileReference; lastKnownFileType = sourcecode.c.h; path = "PPRevealSideViewController-Prefix.pch"; sourceTree = "<group>"; };
		E0D903CD14ED2A610072EECD /* PPAppDelegate.h */ = {isa = PBXFileReference; lastKnownFileType = sourcecode.c.h; path = PPAppDelegate.h; sourceTree = "<group>"; };
		E0D903CE14ED2A610072EECD /* PPAppDelegate.m */ = {isa = PBXFileReference; lastKnownFileType = sourcecode.c.objc; path = PPAppDelegate.m; sourceTree = "<group>"; };
		E0D903D514ED2ABC0072EECD /* PPRevealSideViewController.h */ = {isa = PBXFileReference; fileEncoding = 4; lastKnownFileType = sourcecode.c.h; path = PPRevealSideViewController.h; sourceTree = "<group>"; };
		E0D903D614ED2ABC0072EECD /* PPRevealSideViewController.m */ = {isa = PBXFileReference; fileEncoding = 4; lastKnownFileType = sourcecode.c.objc; path = PPRevealSideViewController.m; sourceTree = "<group>"; };
		E0D903F314ED38B50072EECD /* QuartzCore.framework */ = {isa = PBXFileReference; lastKnownFileType = wrapper.framework; name = QuartzCore.framework; path = System/Library/Frameworks/QuartzCore.framework; sourceTree = SDKROOT; };
		E0D903F614ED3CF50072EECD /* MainViewController.h */ = {isa = PBXFileReference; fileEncoding = 4; lastKnownFileType = sourcecode.c.h; path = MainViewController.h; sourceTree = "<group>"; };
		E0D903F714ED3CF50072EECD /* MainViewController.m */ = {isa = PBXFileReference; fileEncoding = 4; lastKnownFileType = sourcecode.c.objc; path = MainViewController.m; sourceTree = "<group>"; };
		E0D903F814ED3CF50072EECD /* MainViewController.xib */ = {isa = PBXFileReference; fileEncoding = 4; lastKnownFileType = file.xib; path = MainViewController.xib; sourceTree = "<group>"; };
		E0D903FB14ED3EFE0072EECD /* TableViewController.h */ = {isa = PBXFileReference; fileEncoding = 4; lastKnownFileType = sourcecode.c.h; path = TableViewController.h; sourceTree = "<group>"; };
		E0D903FC14ED3EFF0072EECD /* TableViewController.m */ = {isa = PBXFileReference; fileEncoding = 4; lastKnownFileType = sourcecode.c.objc; path = TableViewController.m; sourceTree = "<group>"; };
/* End PBXFileReference section */

/* Begin PBXFrameworksBuildPhase section */
		E0D903B714ED2A610072EECD /* Frameworks */ = {
			isa = PBXFrameworksBuildPhase;
			buildActionMask = 2147483647;
			files = (
				E0D903F414ED38B50072EECD /* QuartzCore.framework in Frameworks */,
				E0D903BF14ED2A610072EECD /* UIKit.framework in Frameworks */,
				E0D903C114ED2A610072EECD /* Foundation.framework in Frameworks */,
				E0D903C314ED2A610072EECD /* CoreGraphics.framework in Frameworks */,
			);
			runOnlyForDeploymentPostprocessing = 0;
		};
/* End PBXFrameworksBuildPhase section */

/* Begin PBXGroup section */
		E0D903AF14ED2A610072EECD = {
			isa = PBXGroup;
			children = (
				E0D903C414ED2A610072EECD /* PPRevealSideViewController */,
				E0D903BD14ED2A610072EECD /* Frameworks */,
				E0D903BB14ED2A610072EECD /* Products */,
			);
			sourceTree = "<group>";
		};
		E0D903BB14ED2A610072EECD /* Products */ = {
			isa = PBXGroup;
			children = (
				E0D903BA14ED2A610072EECD /* PPRevealSideViewController.app */,
			);
			name = Products;
			sourceTree = "<group>";
		};
		E0D903BD14ED2A610072EECD /* Frameworks */ = {
			isa = PBXGroup;
			children = (
				E0D903F314ED38B50072EECD /* QuartzCore.framework */,
				E0D903BE14ED2A610072EECD /* UIKit.framework */,
				E0D903C014ED2A610072EECD /* Foundation.framework */,
				E0D903C214ED2A610072EECD /* CoreGraphics.framework */,
			);
			name = Frameworks;
			sourceTree = "<group>";
		};
		E0D903C414ED2A610072EECD /* PPRevealSideViewController */ = {
			isa = PBXGroup;
			children = (
				E0D903CD14ED2A610072EECD /* PPAppDelegate.h */,
				E0D903CE14ED2A610072EECD /* PPAppDelegate.m */,
				E0D903F614ED3CF50072EECD /* MainViewController.h */,
				E0D903F714ED3CF50072EECD /* MainViewController.m */,
				E0D903F814ED3CF50072EECD /* MainViewController.xib */,
				E0D903FB14ED3EFE0072EECD /* TableViewController.h */,
				E0D903FC14ED3EFF0072EECD /* TableViewController.m */,
				E075287814EE8F8000518036 /* PopedViewController.h */,
				E075287914EE8F8000518036 /* PopedViewController.m */,
				E075287A14EE8F8000518036 /* PopedViewController.xib */,
				E0D903C514ED2A610072EECD /* Supporting Files */,
				E0D903D514ED2ABC0072EECD /* PPRevealSideViewController.h */,
				E0D903D614ED2ABC0072EECD /* PPRevealSideViewController.m */,
			);
			path = PPRevealSideViewController;
			sourceTree = "<group>";
		};
		E0D903C514ED2A610072EECD /* Supporting Files */ = {
			isa = PBXGroup;
			children = (
				E0D903C614ED2A610072EECD /* PPRevealSideViewController-Info.plist */,
				E0D903C714ED2A610072EECD /* InfoPlist.strings */,
				E0D903CA14ED2A610072EECD /* main.m */,
				E0D903CC14ED2A610072EECD /* PPRevealSideViewController-Prefix.pch */,
			);
			name = "Supporting Files";
			sourceTree = "<group>";
		};
/* End PBXGroup section */

/* Begin PBXNativeTarget section */
		E0D903B914ED2A610072EECD /* PPRevealSideViewController */ = {
			isa = PBXNativeTarget;
			buildConfigurationList = E0D903D214ED2A610072EECD /* Build configuration list for PBXNativeTarget "PPRevealSideViewController" */;
			buildPhases = (
				E0D903B614ED2A610072EECD /* Sources */,
				E0D903B714ED2A610072EECD /* Frameworks */,
				E0D903B814ED2A610072EECD /* Resources */,
			);
			buildRules = (
			);
			dependencies = (
			);
			name = PPRevealSideViewController;
			productName = PPRevealSideViewController;
			productReference = E0D903BA14ED2A610072EECD /* PPRevealSideViewController.app */;
			productType = "com.apple.product-type.application";
		};
/* End PBXNativeTarget section */

/* Begin PBXProject section */
		E0D903B114ED2A610072EECD /* Project object */ = {
			isa = PBXProject;
			attributes = {
				LastUpgradeCheck = 0420;
			};
			buildConfigurationList = E0D903B414ED2A610072EECD /* Build configuration list for PBXProject "PPRevealSideViewController" */;
			compatibilityVersion = "Xcode 3.2";
			developmentRegion = English;
			hasScannedForEncodings = 0;
			knownRegions = (
				en,
			);
			mainGroup = E0D903AF14ED2A610072EECD;
			productRefGroup = E0D903BB14ED2A610072EECD /* Products */;
			projectDirPath = "";
			projectRoot = "";
			targets = (
				E0D903B914ED2A610072EECD /* PPRevealSideViewController */,
			);
		};
/* End PBXProject section */

/* Begin PBXResourcesBuildPhase section */
		E0D903B814ED2A610072EECD /* Resources */ = {
			isa = PBXResourcesBuildPhase;
			buildActionMask = 2147483647;
			files = (
				E0D903C914ED2A610072EECD /* InfoPlist.strings in Resources */,
				E0D903FA14ED3CF50072EECD /* MainViewController.xib in Resources */,
				E075287C14EE8F8000518036 /* PopedViewController.xib in Resources */,
			);
			runOnlyForDeploymentPostprocessing = 0;
		};
/* End PBXResourcesBuildPhase section */

/* Begin PBXSourcesBuildPhase section */
		E0D903B614ED2A610072EECD /* Sources */ = {
			isa = PBXSourcesBuildPhase;
			buildActionMask = 2147483647;
			files = (
				E0D903CB14ED2A610072EECD /* main.m in Sources */,
				E0D903CF14ED2A610072EECD /* PPAppDelegate.m in Sources */,
				E0D903D714ED2ABC0072EECD /* PPRevealSideViewController.m in Sources */,
				E0D903F914ED3CF50072EECD /* MainViewController.m in Sources */,
				E0D903FD14ED3EFF0072EECD /* TableViewController.m in Sources */,
				E075287B14EE8F8000518036 /* PopedViewController.m in Sources */,
			);
			runOnlyForDeploymentPostprocessing = 0;
		};
/* End PBXSourcesBuildPhase section */

/* Begin PBXVariantGroup section */
		E0D903C714ED2A610072EECD /* InfoPlist.strings */ = {
			isa = PBXVariantGroup;
			children = (
				E0D903C814ED2A610072EECD /* en */,
			);
			name = InfoPlist.strings;
			sourceTree = "<group>";
		};
/* End PBXVariantGroup section */

/* Begin XCBuildConfiguration section */
		E0D903D014ED2A610072EECD /* Debug */ = {
			isa = XCBuildConfiguration;
			buildSettings = {
				ALWAYS_SEARCH_USER_PATHS = NO;
				ARCHS = "$(ARCHS_STANDARD_32_BIT)";
				CLANG_ENABLE_OBJC_ARC = YES;
				"CODE_SIGN_IDENTITY[sdk=iphoneos*]" = "iPhone Developer";
				COPY_PHASE_STRIP = NO;
				GCC_C_LANGUAGE_STANDARD = gnu99;
				GCC_DYNAMIC_NO_PIC = NO;
				GCC_OPTIMIZATION_LEVEL = 0;
				GCC_PREPROCESSOR_DEFINITIONS = (
					"DEBUG=1",
					"$(inherited)",
				);
				GCC_SYMBOLS_PRIVATE_EXTERN = NO;
				GCC_VERSION = com.apple.compilers.llvm.clang.1_0;
				GCC_WARN_ABOUT_MISSING_PROTOTYPES = YES;
				GCC_WARN_ABOUT_RETURN_TYPE = YES;
				GCC_WARN_UNUSED_VARIABLE = YES;
				IPHONEOS_DEPLOYMENT_TARGET = 5.0;
				SDKROOT = iphoneos;
				TARGETED_DEVICE_FAMILY = "1,2";
			};
			name = Debug;
		};
		E0D903D114ED2A610072EECD /* Release */ = {
			isa = XCBuildConfiguration;
			buildSettings = {
				ALWAYS_SEARCH_USER_PATHS = NO;
				ARCHS = "$(ARCHS_STANDARD_32_BIT)";
				CLANG_ENABLE_OBJC_ARC = YES;
				"CODE_SIGN_IDENTITY[sdk=iphoneos*]" = "iPhone Developer";
				COPY_PHASE_STRIP = YES;
				GCC_C_LANGUAGE_STANDARD = gnu99;
				GCC_VERSION = com.apple.compilers.llvm.clang.1_0;
				GCC_WARN_ABOUT_MISSING_PROTOTYPES = YES;
				GCC_WARN_ABOUT_RETURN_TYPE = YES;
				GCC_WARN_UNUSED_VARIABLE = YES;
				IPHONEOS_DEPLOYMENT_TARGET = 5.0;
				OTHER_CFLAGS = "-DNS_BLOCK_ASSERTIONS=1";
				SDKROOT = iphoneos;
				TARGETED_DEVICE_FAMILY = "1,2";
				VALIDATE_PRODUCT = YES;
			};
			name = Release;
		};
		E0D903D314ED2A610072EECD /* Debug */ = {
			isa = XCBuildConfiguration;
			buildSettings = {
				GCC_PRECOMPILE_PREFIX_HEADER = YES;
				GCC_PREFIX_HEADER = "PPRevealSideViewController/PPRevealSideViewController-Prefix.pch";
				INFOPLIST_FILE = "PPRevealSideViewController/PPRevealSideViewController-Info.plist";
				PRODUCT_NAME = "$(TARGET_NAME)";
				WRAPPER_EXTENSION = app;
			};
			name = Debug;
		};
		E0D903D414ED2A610072EECD /* Release */ = {
			isa = XCBuildConfiguration;
			buildSettings = {
				GCC_PRECOMPILE_PREFIX_HEADER = YES;
				GCC_PREFIX_HEADER = "PPRevealSideViewController/PPRevealSideViewController-Prefix.pch";
				INFOPLIST_FILE = "PPRevealSideViewController/PPRevealSideViewController-Info.plist";
				PRODUCT_NAME = "$(TARGET_NAME)";
				WRAPPER_EXTENSION = app;
			};
			name = Release;
		};
/* End XCBuildConfiguration section */

/* Begin XCConfigurationList section */
		E0D903B414ED2A610072EECD /* Build configuration list for PBXProject "PPRevealSideViewController" */ = {
			isa = XCConfigurationList;
			buildConfigurations = (
				E0D903D014ED2A610072EECD /* Debug */,
				E0D903D114ED2A610072EECD /* Release */,
			);
			defaultConfigurationIsVisible = 0;
			defaultConfigurationName = Release;
		};
		E0D903D214ED2A610072EECD /* Build configuration list for PBXNativeTarget "PPRevealSideViewController" */ = {
			isa = XCConfigurationList;
			buildConfigurations = (
				E0D903D314ED2A610072EECD /* Debug */,
				E0D903D414ED2A610072EECD /* Release */,
			);
			defaultConfigurationIsVisible = 0;
			defaultConfigurationName = Release;
		};
/* End XCConfigurationList section */
	};
	rootObject = E0D903B114ED2A610072EECD /* Project object */;
}
